{
  "object": {
    "pins": [
      {
        "package": "DifferenceKit",
        "repositoryURL": "https://github.com/ra1028/DifferenceKit.git",
        "state": {
          "branch": null,
          "revision": "14c66681e12a38b81045f44c6c29724a0d4b0e72",
          "version": "1.1.5"
        }
      },
      {
        "package": "SQDifferenceKit",
        "repositoryURL": "https://github.com/sequenia/SQDifferenceKit.git",
        "state": {
          "branch": null,
          "revision": "8dd1473daaca97c55756e1f81c329504e90a1609",
          "version": "0.2.0"
        }
      }
    ]
  },
  "version": 1
}
