{
  "object": {
    "pins": [
      {
        "package": "DifferenceKit",
        "repositoryURL": "https://github.com/ra1028/DifferenceKit.git",
        "state": {
          "branch": null,
          "revision": "14c66681e12a38b81045f44c6c29724a0d4b0e72",
          "version": "1.1.5"
        }
      },
      {
        "package": "SQDifferenceKit",
        "repositoryURL": "https://github.com/sequenia/SQDifferenceKit.git",
        "state": {
          "branch": null,
          "revision": "d237153a6ecac3b81b39e0f3a7cf52df55013bf6",
          "version": "0.2.0"
        }
      }
    ]
  },
  "version": 1
}
