PODS:
  - DifferenceKit (1.1.5):
    - DifferenceKit/Core (= 1.1.5)
    - DifferenceKit/UIKitExtension (= 1.1.5)
  - DifferenceKit/Core (1.1.5)
  - DifferenceKit/UIKitExtension (1.1.5):
    - DifferenceKit/Core
  - SQDifferenceKit (0.1.0):
    - DifferenceKit (~> 1.1.5)

DEPENDENCIES:
  - SQDifferenceKit (from `../`)

SPEC REPOS:
  https://github.com/CocoaPods/Specs.git:
    - DifferenceKit

EXTERNAL SOURCES:
  SQDifferenceKit:
    :path: "../"

SPEC CHECKSUMS:
  DifferenceKit: 516f12e336ed65a3a0665847b5c3cb5cad4bd4ea
  SQDifferenceKit: ee25917b0ae3ba0d53fb72dc4432949d71c54008

PODFILE CHECKSUM: 0f5b54bb378f82f87608d6ce3380a34e2ea5c5e4

COCOAPODS: 1.8.4
