PODS:
  - DifferenceKit (1.1.5):
    - DifferenceKit/Core (= 1.1.5)
    - DifferenceKit/UIKitExtension (= 1.1.5)
  - DifferenceKit/Core (1.1.5)
  - DifferenceKit/UIKitExtension (1.1.5):
    - DifferenceKit/Core
  - SQDifferenceKit (0.1.1):
    - DifferenceKit (~> 1.1.5)

DEPENDENCIES:
  - SQDifferenceKit (from `../`)

SPEC REPOS:
  trunk:
    - DifferenceKit

EXTERNAL SOURCES:
  SQDifferenceKit:
    :path: "../"

SPEC CHECKSUMS:
  DifferenceKit: 516f12e336ed65a3a0665847b5c3cb5cad4bd4ea
  SQDifferenceKit: 4c2a51284e18eb29d45ec2fb6c7643c46717c931

PODFILE CHECKSUM: b48fb354ea8ab67f332ee9d9dbb2d6079337b231

COCOAPODS: 1.10.0
